// !$*UTF8*$!
{
	archiveVersion = 1;
	classes = {
	};
	objectVersion = 50;
	objects = {

/* Begin PBXBuildFile section */
		F5F2B16F22DD7DDE00FBC511 /* AppDelegate.swift in Sources */ = {isa = PBXBuildFile; fileRef = F5F2B16E22DD7DDE00FBC511 /* AppDelegate.swift */; };
		F5F2B17422DD7DDE00FBC511 /* Main.storyboard in Resources */ = {isa = PBXBuildFile; fileRef = F5F2B17222DD7DDE00FBC511 /* Main.storyboard */; };
		F5F2B17622DD7DE000FBC511 /* Assets.xcassets in Resources */ = {isa = PBXBuildFile; fileRef = F5F2B17522DD7DE000FBC511 /* Assets.xcassets */; };
		F5F2B17922DD7DE000FBC511 /* LaunchScreen.storyboard in Resources */ = {isa = PBXBuildFile; fileRef = F5F2B17722DD7DE000FBC511 /* LaunchScreen.storyboard */; };
		F5F2B18D22DDA10800FBC511 /* ViewController.swift in Sources */ = {isa = PBXBuildFile; fileRef = F5F2B18122DDA10800FBC511 /* ViewController.swift */; };
		F5F2B18E22DDA10800FBC511 /* TestController.swift in Sources */ = {isa = PBXBuildFile; fileRef = F5F2B18222DDA10800FBC511 /* TestController.swift */; };
		F5F2B18F22DDA10800FBC511 /* TabController.swift in Sources */ = {isa = PBXBuildFile; fileRef = F5F2B18322DDA10800FBC511 /* TabController.swift */; };
		F5F2B19022DDA10800FBC511 /* PureSwiftClass.swift in Sources */ = {isa = PBXBuildFile; fileRef = F5F2B18422DDA10800FBC511 /* PureSwiftClass.swift */; };
		F5F2B19122DDA10800FBC511 /* UIViewController+Load.swift in Sources */ = {isa = PBXBuildFile; fileRef = F5F2B18622DDA10800FBC511 /* UIViewController+Load.swift */; };
		F5F2B19222DDA10800FBC511 /* LoadForSwift.m in Sources */ = {isa = PBXBuildFile; fileRef = F5F2B18922DDA10800FBC511 /* LoadForSwift.m */; };
		F5F2B19322DDA10800FBC511 /* LeakChecker.swift in Sources */ = {isa = PBXBuildFile; fileRef = F5F2B18B22DDA10800FBC511 /* LeakChecker.swift */; };
		F5F2B19422DDA10800FBC511 /* Bobber.swift in Sources */ = {isa = PBXBuildFile; fileRef = F5F2B18C22DDA10800FBC511 /* Bobber.swift */; };
/* End PBXBuildFile section */

/* Begin PBXFileReference section */
		F5F2B16B22DD7DDE00FBC511 /* memory_leak_watchdog.app */ = {isa = PBXFileReference; explicitFileType = wrapper.application; includeInIndex = 0; path = memory_leak_watchdog.app; sourceTree = BUILT_PRODUCTS_DIR; };
		F5F2B16E22DD7DDE00FBC511 /* AppDelegate.swift */ = {isa = PBXFileReference; lastKnownFileType = sourcecode.swift; path = AppDelegate.swift; sourceTree = "<group>"; };
		F5F2B17322DD7DDE00FBC511 /* Base */ = {isa = PBXFileReference; lastKnownFileType = file.storyboard; name = Base; path = Base.lproj/Main.storyboard; sourceTree = "<group>"; };
		F5F2B17522DD7DE000FBC511 /* Assets.xcassets */ = {isa = PBXFileReference; lastKnownFileType = folder.assetcatalog; path = Assets.xcassets; sourceTree = "<group>"; };
		F5F2B17822DD7DE000FBC511 /* Base */ = {isa = PBXFileReference; lastKnownFileType = file.storyboard; name = Base; path = Base.lproj/LaunchScreen.storyboard; sourceTree = "<group>"; };
		F5F2B17A22DD7DE000FBC511 /* Info.plist */ = {isa = PBXFileReference; lastKnownFileType = text.plist.xml; path = Info.plist; sourceTree = "<group>"; };
		F5F2B18122DDA10800FBC511 /* ViewController.swift */ = {isa = PBXFileReference; fileEncoding = 4; lastKnownFileType = sourcecode.swift; path = ViewController.swift; sourceTree = "<group>"; };
		F5F2B18222DDA10800FBC511 /* TestController.swift */ = {isa = PBXFileReference; fileEncoding = 4; lastKnownFileType = sourcecode.swift; path = TestController.swift; sourceTree = "<group>"; };
		F5F2B18322DDA10800FBC511 /* TabController.swift */ = {isa = PBXFileReference; fileEncoding = 4; lastKnownFileType = sourcecode.swift; path = TabController.swift; sourceTree = "<group>"; };
		F5F2B18422DDA10800FBC511 /* PureSwiftClass.swift */ = {isa = PBXFileReference; fileEncoding = 4; lastKnownFileType = sourcecode.swift; path = PureSwiftClass.swift; sourceTree = "<group>"; };
		F5F2B18622DDA10800FBC511 /* UIViewController+Load.swift */ = {isa = PBXFileReference; fileEncoding = 4; lastKnownFileType = sourcecode.swift; path = "UIViewController+Load.swift"; sourceTree = "<group>"; };
		F5F2B18722DDA10800FBC511 /* LoadForSwift.h */ = {isa = PBXFileReference; fileEncoding = 4; lastKnownFileType = sourcecode.c.h; path = LoadForSwift.h; sourceTree = "<group>"; };
		F5F2B18822DDA10800FBC511 /* exercise-Bridging-Header.h */ = {isa = PBXFileReference; fileEncoding = 4; lastKnownFileType = sourcecode.c.h; path = "exercise-Bridging-Header.h"; sourceTree = "<group>"; };
		F5F2B18922DDA10800FBC511 /* LoadForSwift.m */ = {isa = PBXFileReference; fileEncoding = 4; lastKnownFileType = sourcecode.c.objc; path = LoadForSwift.m; sourceTree = "<group>"; };
		F5F2B18B22DDA10800FBC511 /* LeakChecker.swift */ = {isa = PBXFileReference; fileEncoding = 4; lastKnownFileType = sourcecode.swift; path = LeakChecker.swift; sourceTree = "<group>"; };
		F5F2B18C22DDA10800FBC511 /* Bobber.swift */ = {isa = PBXFileReference; fileEncoding = 4; lastKnownFileType = sourcecode.swift; path = Bobber.swift; sourceTree = "<group>"; };
/* End PBXFileReference section */

/* Begin PBXFrameworksBuildPhase section */
		F5F2B16822DD7DDE00FBC511 /* Frameworks */ = {
			isa = PBXFrameworksBuildPhase;
			buildActionMask = 2147483647;
			files = (
			);
			runOnlyForDeploymentPostprocessing = 0;
		};
/* End PBXFrameworksBuildPhase section */

/* Begin PBXGroup section */
		F5F2B16222DD7DDE00FBC511 = {
			isa = PBXGroup;
			children = (
				F5F2B16D22DD7DDE00FBC511 /* memory_leak_watchdog */,
				F5F2B16C22DD7DDE00FBC511 /* Products */,
			);
			sourceTree = "<group>";
		};
		F5F2B16C22DD7DDE00FBC511 /* Products */ = {
			isa = PBXGroup;
			children = (
				F5F2B16B22DD7DDE00FBC511 /* memory_leak_watchdog.app */,
			);
			name = Products;
			sourceTree = "<group>";
		};
		F5F2B16D22DD7DDE00FBC511 /* memory_leak_watchdog */ = {
			isa = PBXGroup;
			children = (
				F5F2B18A22DDA10800FBC511 /* MemoryCheck */,
				F5F2B18522DDA10800FBC511 /* Swizzle */,
				F5F2B18022DDA10800FBC511 /* Test */,
				F5F2B16E22DD7DDE00FBC511 /* AppDelegate.swift */,
				F5F2B17222DD7DDE00FBC511 /* Main.storyboard */,
				F5F2B17522DD7DE000FBC511 /* Assets.xcassets */,
				F5F2B17722DD7DE000FBC511 /* LaunchScreen.storyboard */,
				F5F2B17A22DD7DE000FBC511 /* Info.plist */,
			);
			path = memory_leak_watchdog;
			sourceTree = "<group>";
		};
		F5F2B18022DDA10800FBC511 /* Test */ = {
			isa = PBXGroup;
			children = (
				F5F2B18122DDA10800FBC511 /* ViewController.swift */,
				F5F2B18222DDA10800FBC511 /* TestController.swift */,
				F5F2B18322DDA10800FBC511 /* TabController.swift */,
				F5F2B18422DDA10800FBC511 /* PureSwiftClass.swift */,
			);
			path = Test;
			sourceTree = "<group>";
		};
		F5F2B18522DDA10800FBC511 /* Swizzle */ = {
			isa = PBXGroup;
			children = (
				F5F2B18622DDA10800FBC511 /* UIViewController+Load.swift */,
				F5F2B18722DDA10800FBC511 /* LoadForSwift.h */,
				F5F2B18922DDA10800FBC511 /* LoadForSwift.m */,
				F5F2B18822DDA10800FBC511 /* exercise-Bridging-Header.h */,
			);
			path = Swizzle;
			sourceTree = "<group>";
		};
		F5F2B18A22DDA10800FBC511 /* MemoryCheck */ = {
			isa = PBXGroup;
			children = (
				F5F2B18B22DDA10800FBC511 /* LeakChecker.swift */,
				F5F2B18C22DDA10800FBC511 /* Bobber.swift */,
			);
			path = MemoryCheck;
			sourceTree = "<group>";
		};
/* End PBXGroup section */

/* Begin PBXNativeTarget section */
		F5F2B16A22DD7DDE00FBC511 /* memory_leak_watchdog */ = {
			isa = PBXNativeTarget;
			buildConfigurationList = F5F2B17D22DD7DE000FBC511 /* Build configuration list for PBXNativeTarget "memory_leak_watchdog" */;
			buildPhases = (
				F5F2B16722DD7DDE00FBC511 /* Sources */,
				F5F2B16822DD7DDE00FBC511 /* Frameworks */,
				F5F2B16922DD7DDE00FBC511 /* Resources */,
			);
			buildRules = (
			);
			dependencies = (
			);
			name = memory_leak_watchdog;
			productName = memory_leak_watchdog;
			productReference = F5F2B16B22DD7DDE00FBC511 /* memory_leak_watchdog.app */;
			productType = "com.apple.product-type.application";
		};
/* End PBXNativeTarget section */

/* Begin PBXProject section */
		F5F2B16322DD7DDE00FBC511 /* Project object */ = {
			isa = PBXProject;
			attributes = {
				LastSwiftUpdateCheck = 1020;
				LastUpgradeCheck = 1020;
				ORGANIZATIONNAME = Baber;
				TargetAttributes = {
					F5F2B16A22DD7DDE00FBC511 = {
						CreatedOnToolsVersion = 10.2.1;
					};
				};
			};
			buildConfigurationList = F5F2B16622DD7DDE00FBC511 /* Build configuration list for PBXProject "memory_leak_watchdog" */;
			compatibilityVersion = "Xcode 9.3";
			developmentRegion = en;
			hasScannedForEncodings = 0;
			knownRegions = (
				en,
				Base,
			);
			mainGroup = F5F2B16222DD7DDE00FBC511;
			productRefGroup = F5F2B16C22DD7DDE00FBC511 /* Products */;
			projectDirPath = "";
			projectRoot = "";
			targets = (
				F5F2B16A22DD7DDE00FBC511 /* memory_leak_watchdog */,
			);
		};
/* End PBXProject section */

/* Begin PBXResourcesBuildPhase section */
		F5F2B16922DD7DDE00FBC511 /* Resources */ = {
			isa = PBXResourcesBuildPhase;
			buildActionMask = 2147483647;
			files = (
				F5F2B17922DD7DE000FBC511 /* LaunchScreen.storyboard in Resources */,
				F5F2B17622DD7DE000FBC511 /* Assets.xcassets in Resources */,
				F5F2B17422DD7DDE00FBC511 /* Main.storyboard in Resources */,
			);
			runOnlyForDeploymentPostprocessing = 0;
		};
/* End PBXResourcesBuildPhase section */

/* Begin PBXSourcesBuildPhase section */
		F5F2B16722DD7DDE00FBC511 /* Sources */ = {
			isa = PBXSourcesBuildPhase;
			buildActionMask = 2147483647;
			files = (
				F5F2B19122DDA10800FBC511 /* UIViewController+Load.swift in Sources */,
				F5F2B18F22DDA10800FBC511 /* TabController.swift in Sources */,
				F5F2B18D22DDA10800FBC511 /* ViewController.swift in Sources */,
				F5F2B16F22DD7DDE00FBC511 /* AppDelegate.swift in Sources */,
				F5F2B19222DDA10800FBC511 /* LoadForSwift.m in Sources */,
				F5F2B19022DDA10800FBC511 /* PureSwiftClass.swift in Sources */,
				F5F2B18E22DDA10800FBC511 /* TestController.swift in Sources */,
				F5F2B19322DDA10800FBC511 /* LeakChecker.swift in Sources */,
				F5F2B19422DDA10800FBC511 /* Bobber.swift in Sources */,
			);
			runOnlyForDeploymentPostprocessing = 0;
		};
/* End PBXSourcesBuildPhase section */

/* Begin PBXVariantGroup section */
		F5F2B17222DD7DDE00FBC511 /* Main.storyboard */ = {
			isa = PBXVariantGroup;
			children = (
				F5F2B17322DD7DDE00FBC511 /* Base */,
			);
			name = Main.storyboard;
			sourceTree = "<group>";
		};
		F5F2B17722DD7DE000FBC511 /* LaunchScreen.storyboard */ = {
			isa = PBXVariantGroup;
			children = (
				F5F2B17822DD7DE000FBC511 /* Base */,
			);
			name = LaunchScreen.storyboard;
			sourceTree = "<group>";
		};
/* End PBXVariantGroup section */

/* Begin XCBuildConfiguration section */
		F5F2B17B22DD7DE000FBC511 /* Debug */ = {
			isa = XCBuildConfiguration;
			buildSettings = {
				ALWAYS_SEARCH_USER_PATHS = NO;
				CLANG_ANALYZER_NONNULL = YES;
				CLANG_ANALYZER_NUMBER_OBJECT_CONVERSION = YES_AGGRESSIVE;
				CLANG_CXX_LANGUAGE_STANDARD = "gnu++14";
				CLANG_CXX_LIBRARY = "libc++";
				CLANG_ENABLE_MODULES = YES;
				CLANG_ENABLE_OBJC_ARC = YES;
				CLANG_ENABLE_OBJC_WEAK = YES;
				CLANG_WARN_BLOCK_CAPTURE_AUTORELEASING = YES;
				CLANG_WARN_BOOL_CONVERSION = YES;
				CLANG_WARN_COMMA = YES;
				CLANG_WARN_CONSTANT_CONVERSION = YES;
				CLANG_WARN_DEPRECATED_OBJC_IMPLEMENTATIONS = YES;
				CLANG_WARN_DIRECT_OBJC_ISA_USAGE = YES_ERROR;
				CLANG_WARN_DOCUMENTATION_COMMENTS = YES;
				CLANG_WARN_EMPTY_BODY = YES;
				CLANG_WARN_ENUM_CONVERSION = YES;
				CLANG_WARN_INFINITE_RECURSION = YES;
				CLANG_WARN_INT_CONVERSION = YES;
				CLANG_WARN_NON_LITERAL_NULL_CONVERSION = YES;
				CLANG_WARN_OBJC_IMPLICIT_RETAIN_SELF = YES;
				CLANG_WARN_OBJC_LITERAL_CONVERSION = YES;
				CLANG_WARN_OBJC_ROOT_CLASS = YES_ERROR;
				CLANG_WARN_RANGE_LOOP_ANALYSIS = YES;
				CLANG_WARN_STRICT_PROTOTYPES = YES;
				CLANG_WARN_SUSPICIOUS_MOVE = YES;
				CLANG_WARN_UNGUARDED_AVAILABILITY = YES_AGGRESSIVE;
				CLANG_WARN_UNREACHABLE_CODE = YES;
				CLANG_WARN__DUPLICATE_METHOD_MATCH = YES;
				CODE_SIGN_IDENTITY = "iPhone Developer";
				COPY_PHASE_STRIP = NO;
				DEBUG_INFORMATION_FORMAT = dwarf;
				ENABLE_STRICT_OBJC_MSGSEND = YES;
				ENABLE_TESTABILITY = YES;
				GCC_C_LANGUAGE_STANDARD = gnu11;
				GCC_DYNAMIC_NO_PIC = NO;
				GCC_NO_COMMON_BLOCKS = YES;
				GCC_OPTIMIZATION_LEVEL = 0;
				GCC_PREPROCESSOR_DEFINITIONS = (
					"DEBUG=1",
					"$(inherited)",
				);
				GCC_WARN_64_TO_32_BIT_CONVERSION = YES;
				GCC_WARN_ABOUT_RETURN_TYPE = YES_ERROR;
				GCC_WARN_UNDECLARED_SELECTOR = YES;
				GCC_WARN_UNINITIALIZED_AUTOS = YES_AGGRESSIVE;
				GCC_WARN_UNUSED_FUNCTION = YES;
				GCC_WARN_UNUSED_VARIABLE = YES;
				IPHONEOS_DEPLOYMENT_TARGET = 9.0;
				MTL_ENABLE_DEBUG_INFO = INCLUDE_SOURCE;
				MTL_FAST_MATH = YES;
				ONLY_ACTIVE_ARCH = YES;
				SDKROOT = iphoneos;
				SWIFT_ACTIVE_COMPILATION_CONDITIONS = DEBUG;
				SWIFT_OPTIMIZATION_LEVEL = "-Onone";
			};
			name = Debug;
		};
		F5F2B17C22DD7DE000FBC511 /* Release */ = {
			isa = XCBuildConfiguration;
			buildSettings = {
				ALWAYS_SEARCH_USER_PATHS = NO;
				CLANG_ANALYZER_NONNULL = YES;
				CLANG_ANALYZER_NUMBER_OBJECT_CONVERSION = YES_AGGRESSIVE;
				CLANG_CXX_LANGUAGE_STANDARD = "gnu++14";
				CLANG_CXX_LIBRARY = "libc++";
				CLANG_ENABLE_MODULES = YES;
				CLANG_ENABLE_OBJC_ARC = YES;
				CLANG_ENABLE_OBJC_WEAK = YES;
				CLANG_WARN_BLOCK_CAPTURE_AUTORELEASING = YES;
				CLANG_WARN_BOOL_CONVERSION = YES;
				CLANG_WARN_COMMA = YES;
				CLANG_WARN_CONSTANT_CONVERSION = YES;
				CLANG_WARN_DEPRECATED_OBJC_IMPLEMENTATIONS = YES;
				CLANG_WARN_DIRECT_OBJC_ISA_USAGE = YES_ERROR;
				CLANG_WARN_DOCUMENTATION_COMMENTS = YES;
				CLANG_WARN_EMPTY_BODY = YES;
				CLANG_WARN_ENUM_CONVERSION = YES;
				CLANG_WARN_INFINITE_RECURSION = YES;
				CLANG_WARN_INT_CONVERSION = YES;
				CLANG_WARN_NON_LITERAL_NULL_CONVERSION = YES;
				CLANG_WARN_OBJC_IMPLICIT_RETAIN_SELF = YES;
				CLANG_WARN_OBJC_LITERAL_CONVERSION = YES;
				CLANG_WARN_OBJC_ROOT_CLASS = YES_ERROR;
				CLANG_WARN_RANGE_LOOP_ANALYSIS = YES;
				CLANG_WARN_STRICT_PROTOTYPES = YES;
				CLANG_WARN_SUSPICIOUS_MOVE = YES;
				CLANG_WARN_UNGUARDED_AVAILABILITY = YES_AGGRESSIVE;
				CLANG_WARN_UNREACHABLE_CODE = YES;
				CLANG_WARN__DUPLICATE_METHOD_MATCH = YES;
				CODE_SIGN_IDENTITY = "iPhone Developer";
				COPY_PHASE_STRIP = NO;
				DEBUG_INFORMATION_FORMAT = "dwarf-with-dsym";
				ENABLE_NS_ASSERTIONS = NO;
				ENABLE_STRICT_OBJC_MSGSEND = YES;
				GCC_C_LANGUAGE_STANDARD = gnu11;
				GCC_NO_COMMON_BLOCKS = YES;
				GCC_WARN_64_TO_32_BIT_CONVERSION = YES;
				GCC_WARN_ABOUT_RETURN_TYPE = YES_ERROR;
				GCC_WARN_UNDECLARED_SELECTOR = YES;
				GCC_WARN_UNINITIALIZED_AUTOS = YES_AGGRESSIVE;
				GCC_WARN_UNUSED_FUNCTION = YES;
				GCC_WARN_UNUSED_VARIABLE = YES;
				IPHONEOS_DEPLOYMENT_TARGET = 9.0;
				MTL_ENABLE_DEBUG_INFO = NO;
				MTL_FAST_MATH = YES;
				SDKROOT = iphoneos;
				SWIFT_COMPILATION_MODE = wholemodule;
				SWIFT_OPTIMIZATION_LEVEL = "-O";
				VALIDATE_PRODUCT = YES;
			};
			name = Release;
		};
		F5F2B17E22DD7DE000FBC511 /* Debug */ = {
			isa = XCBuildConfiguration;
			buildSettings = {
				ASSETCATALOG_COMPILER_APPICON_NAME = AppIcon;
				CODE_SIGN_STYLE = Automatic;
				INFOPLIST_FILE = memory_leak_watchdog/Info.plist;
				IPHONEOS_DEPLOYMENT_TARGET = 9.0;
				LD_RUNPATH_SEARCH_PATHS = (
					"$(inherited)",
					"@executable_path/Frameworks",
				);
				PRODUCT_BUNDLE_IDENTIFIER = "com.baber.memory-leak-watchdog";
				PRODUCT_NAME = "$(TARGET_NAME)";
				SWIFT_OBJC_BRIDGING_HEADER = "memory_leak_watchdog/Swizzle/exercise-Bridging-Header.h";
				SWIFT_OBJC_INTERFACE_HEADER_NAME = "$(SWIFT_MODULE_NAME)-Swiftsss.h";
				SWIFT_VERSION = 5.0;
				TARGETED_DEVICE_FAMILY = "1,2";
			};
			name = Debug;
		};
		F5F2B17F22DD7DE000FBC511 /* Release */ = {
			isa = XCBuildConfiguration;
			buildSettings = {
				ASSETCATALOG_COMPILER_APPICON_NAME = AppIcon;
				CODE_SIGN_STYLE = Automatic;
				INFOPLIST_FILE = memory_leak_watchdog/Info.plist;
				IPHONEOS_DEPLOYMENT_TARGET = 9.0;
				LD_RUNPATH_SEARCH_PATHS = (
					"$(inherited)",
					"@executable_path/Frameworks",
				);
				PRODUCT_BUNDLE_IDENTIFIER = "com.baber.memory-leak-watchdog";
				PRODUCT_NAME = "$(TARGET_NAME)";
				SWIFT_OBJC_BRIDGING_HEADER = "memory_leak_watchdog/Swizzle/exercise-Bridging-Header.h";
				SWIFT_OBJC_INTERFACE_HEADER_NAME = "$(SWIFT_MODULE_NAME)-Swiftsss.h";
				SWIFT_VERSION = 5.0;
				TARGETED_DEVICE_FAMILY = "1,2";
			};
			name = Release;
		};
/* End XCBuildConfiguration section */

/* Begin XCConfigurationList section */
		F5F2B16622DD7DDE00FBC511 /* Build configuration list for PBXProject "memory_leak_watchdog" */ = {
			isa = XCConfigurationList;
			buildConfigurations = (
				F5F2B17B22DD7DE000FBC511 /* Debug */,
				F5F2B17C22DD7DE000FBC511 /* Release */,
			);
			defaultConfigurationIsVisible = 0;
			defaultConfigurationName = Release;
		};
		F5F2B17D22DD7DE000FBC511 /* Build configuration list for PBXNativeTarget "memory_leak_watchdog" */ = {
			isa = XCConfigurationList;
			buildConfigurations = (
				F5F2B17E22DD7DE000FBC511 /* Debug */,
				F5F2B17F22DD7DE000FBC511 /* Release */,
			);
			defaultConfigurationIsVisible = 0;
			defaultConfigurationName = Release;
		};
/* End XCConfigurationList section */
	};
	rootObject = F5F2B16322DD7DDE00FBC511 /* Project object */;
}
